
Microsoft Visual Studio Solution File, Format Version 12.00
# Visual Studio 15
VisualStudioVersion = 15.0.28010.2019
MinimumVisualStudioVersion = 10.0.40219.1
Project("{FAE04EC0-301F-11D3-BF4B-00C04F79EFBC}") = "MSTODOclone", "MSTODOclone\MSTODOclone.csproj", "{D172E0AE-56AA-4AF3-A714-B0A0C96FA859}"
EndProject
Global
	GlobalSection(SolutionConfigurationPlatforms) = preSolution
		Debug|ARM = Debug|ARM
		Debug|x64 = Debug|x64
		Debug|x86 = Debug|x86
		Release|ARM = Release|ARM
		Release|x64 = Release|x64
		Release|x86 = Release|x86
	EndGlobalSection
	GlobalSection(ProjectConfigurationPlatforms) = postSolution
		{D172E0AE-56AA-4AF3-A714-B0A0C96FA859}.Debug|ARM.ActiveCfg = Debug|ARM
		{D172E0AE-56AA-4AF3-A714-B0A0C96FA859}.Debug|ARM.Build.0 = Debug|ARM
		{D172E0AE-56AA-4AF3-A714-B0A0C96FA859}.Debug|ARM.Deploy.0 = Debug|ARM
		{D172E0AE-56AA-4AF3-A714-B0A0C96FA859}.Debug|x64.ActiveCfg = Debug|x64
		{D172E0AE-56AA-4AF3-A714-B0A0C96FA859}.Debug|x64.Build.0 = Debug|x64
		{D172E0AE-56AA-4AF3-A714-B0A0C96FA859}.Debug|x64.Deploy.0 = Debug|x64
		{D172E0AE-56AA-4AF3-A714-B0A0C96FA859}.Debug|x86.ActiveCfg = Debug|x86
		{D172E0AE-56AA-4AF3-A714-B0A0C96FA859}.Debug|x86.Build.0 = Debug|x86
		{D172E0AE-56AA-4AF3-A714-B0A0C96FA859}.Debug|x86.Deploy.0 = Debug|x86
		{D172E0AE-56AA-4AF3-A714-B0A0C96FA859}.Release|ARM.ActiveCfg = Release|ARM
		{D172E0AE-56AA-4AF3-A714-B0A0C96FA859}.Release|ARM.Build.0 = Release|ARM
		{D172E0AE-56AA-4AF3-A714-B0A0C96FA859}.Release|ARM.Deploy.0 = Release|ARM
		{D172E0AE-56AA-4AF3-A714-B0A0C96FA859}.Release|x64.ActiveCfg = Release|x64
		{D172E0AE-56AA-4AF3-A714-B0A0C96FA859}.Release|x64.Build.0 = Release|x64
		{D172E0AE-56AA-4AF3-A714-B0A0C96FA859}.Release|x64.Deploy.0 = Release|x64
		{D172E0AE-56AA-4AF3-A714-B0A0C96FA859}.Release|x86.ActiveCfg = Release|x86
		{D172E0AE-56AA-4AF3-A714-B0A0C96FA859}.Release|x86.Build.0 = Release|x86
		{D172E0AE-56AA-4AF3-A714-B0A0C96FA859}.Release|x86.Deploy.0 = Release|x86
	EndGlobalSection
	GlobalSection(SolutionProperties) = preSolution
		HideSolutionNode = FALSE
	EndGlobalSection
	GlobalSection(ExtensibilityGlobals) = postSolution
		SolutionGuid = {7E8DB92A-AE95-4469-98F2-090CCE141025}
	EndGlobalSection
EndGlobal
